
Microsoft Visual Studio Solution File, Format Version 12.00
# Visual Studio Version 16
VisualStudioVersion = 16.0.30804.86
MinimumVisualStudioVersion = 10.0.40219.1
Project("{9A19103F-16F7-4668-BE54-9A1E7A4F7556}") = "BasicRead", "Basics\BasicRead.csproj", "{3AC57D86-BA07-464C-86E9-497F1A55BC09}"
EndProject
Project("{2150E333-8FDC-42A3-9474-1A3956D46DE8}") = "Shared libraries", "Shared libraries", "{8F066792-64A0-4C25-90BD-F15F997F6099}"
EndProject
Project("{9A19103F-16F7-4668-BE54-9A1E7A4F7556}") = "WinFormsHelpers", "WinFormsHelpers\WinFormsHelpers.csproj", "{38818546-950E-4DCF-8B46-A2A451791905}"
EndProject
Project("{9A19103F-16F7-4668-BE54-9A1E7A4F7556}") = "DataGridViewHelpers", "DataGridViewHelpers\DataGridViewHelpers.csproj", "{CDB08424-570D-46C4-9529-6B9036932D86}"
EndProject
Project("{9A19103F-16F7-4668-BE54-9A1E7A4F7556}") = "StopWatchLibrary", "StopWatchLibrary\StopWatchLibrary.csproj", "{0C59240A-4229-4029-A547-B78569BD418D}"
EndProject
Project("{9A19103F-16F7-4668-BE54-9A1E7A4F7556}") = "DataTableHelpers", "DataTableHelpers\DataTableHelpers.csproj", "{A4A427A7-AC15-48DC-98D8-58204E80C7CB}"
EndProject
Project("{9A19103F-16F7-4668-BE54-9A1E7A4F7556}") = "SqlOperations", "SqlOperations\SqlOperations.csproj", "{D9B60734-FB02-47D4-9F86-2AC5D80A8E33}"
EndProject
Project("{9A19103F-16F7-4668-BE54-9A1E7A4F7556}") = "ConfigurationHelper", "ConfigurationHelper\ConfigurationHelper.csproj", "{0813DBBF-D816-4468-940C-336DC82AF847}"
EndProject
Project("{2150E333-8FDC-42A3-9474-1A3956D46DE8}") = "Solution Items", "Solution Items", "{118B2529-A5A2-4F61-A28D-E76ED8CD7954}"
	ProjectSection(SolutionItems) = preProject
		readme.md = readme.md
		resources.md = resources.md
	EndProjectSection
EndProject
Project("{9A19103F-16F7-4668-BE54-9A1E7A4F7556}") = "SqlOperationsEntityFrameworkCore", "SqlOperationsEntityFrameworkCore\SqlOperationsEntityFrameworkCore.csproj", "{7145B724-EA4A-4D20-8E4B-9A2F195044CA}"
EndProject
Project("{9A19103F-16F7-4668-BE54-9A1E7A4F7556}") = "BasicReadEntityFrameworkCore", "BasicReadEntityFrameworkCore\BasicReadEntityFrameworkCore.csproj", "{7E92938D-0CF4-45E0-8A2E-492132AB4C6D}"
EndProject
Project("{9A19103F-16F7-4668-BE54-9A1E7A4F7556}") = "WinFormDialogs", "WinFormDialogs\WinFormDialogs.csproj", "{AD0AB98A-4347-45BF-B4AE-FF14ADB79233}"
EndProject
Project("{9A19103F-16F7-4668-BE54-9A1E7A4F7556}") = "EntityCoreExtensions", "EntityCoreExtensions\EntityCoreExtensions.csproj", "{1AE807B3-E216-4A6D-B2EA-E1B7B67F3A5F}"
EndProject
Project("{9A19103F-16F7-4668-BE54-9A1E7A4F7556}") = "CommonLanguageExtensions", "CommonLanguageExensions\CommonLanguageExtensions.csproj", "{90D99AE8-6C80-4430-9BE4-91AABD57705B}"
EndProject
Project("{2150E333-8FDC-42A3-9474-1A3956D46DE8}") = "Unit test projects", "Unit test projects", "{53396813-1309-43AD-93D8-39CF98B90AF6}"
EndProject
Project("{9A19103F-16F7-4668-BE54-9A1E7A4F7556}") = "LanguageExtensionTest", "LanguageExtensionTest\LanguageExtensionTest.csproj", "{212A0343-9418-445A-AE8E-8413F5568DF5}"
EndProject
Project("{9A19103F-16F7-4668-BE54-9A1E7A4F7556}") = "EntityFrameworkCoreProductTest", "EntityFrameworkCoreProductTest\EntityFrameworkCoreProductTest.csproj", "{E3B39343-EA65-4E47-B612-7AF093222742}"
EndProject
Project("{9A19103F-16F7-4668-BE54-9A1E7A4F7556}") = "ValidationLibrary", "ValidationLibrary\ValidationLibrary.csproj", "{7BE317AF-999C-472E-ACA9-8F8DA058E387}"
EndProject
Project("{9A19103F-16F7-4668-BE54-9A1E7A4F7556}") = "ValidationWithAnnotationTest", "ValidationWithAnnotationTest\ValidationWithAnnotationTest.csproj", "{E1062F01-5944-4E37-B27D-85F569795A24}"
EndProject
Project("{9A19103F-16F7-4668-BE54-9A1E7A4F7556}") = "ConfigurationHelperTest", "ConfigurationHelperTest\ConfigurationHelperTest.csproj", "{81BD272A-F9B1-4537-B93E-5EA05E25BB13}"
EndProject
Project("{FAE04EC0-301F-11D3-BF4B-00C04F79EFBC}") = "BaseExceptionsLibrary", "BaseExceptionsLibrary\BaseExceptionsLibrary.csproj", "{CD373FBD-98D6-49E2-BA21-AECF419C2A3A}"
EndProject
Global
	GlobalSection(SolutionConfigurationPlatforms) = preSolution
		Debug|Any CPU = Debug|Any CPU
		Release|Any CPU = Release|Any CPU
	EndGlobalSection
	GlobalSection(ProjectConfigurationPlatforms) = postSolution
		{3AC57D86-BA07-464C-86E9-497F1A55BC09}.Debug|Any CPU.ActiveCfg = Debug|Any CPU
		{3AC57D86-BA07-464C-86E9-497F1A55BC09}.Debug|Any CPU.Build.0 = Debug|Any CPU
		{3AC57D86-BA07-464C-86E9-497F1A55BC09}.Release|Any CPU.ActiveCfg = Release|Any CPU
		{3AC57D86-BA07-464C-86E9-497F1A55BC09}.Release|Any CPU.Build.0 = Release|Any CPU
		{38818546-950E-4DCF-8B46-A2A451791905}.Debug|Any CPU.ActiveCfg = Debug|Any CPU
		{38818546-950E-4DCF-8B46-A2A451791905}.Debug|Any CPU.Build.0 = Debug|Any CPU
		{38818546-950E-4DCF-8B46-A2A451791905}.Release|Any CPU.ActiveCfg = Release|Any CPU
		{38818546-950E-4DCF-8B46-A2A451791905}.Release|Any CPU.Build.0 = Release|Any CPU
		{CDB08424-570D-46C4-9529-6B9036932D86}.Debug|Any CPU.ActiveCfg = Debug|Any CPU
		{CDB08424-570D-46C4-9529-6B9036932D86}.Debug|Any CPU.Build.0 = Debug|Any CPU
		{CDB08424-570D-46C4-9529-6B9036932D86}.Release|Any CPU.ActiveCfg = Release|Any CPU
		{CDB08424-570D-46C4-9529-6B9036932D86}.Release|Any CPU.Build.0 = Release|Any CPU
		{0C59240A-4229-4029-A547-B78569BD418D}.Debug|Any CPU.ActiveCfg = Debug|Any CPU
		{0C59240A-4229-4029-A547-B78569BD418D}.Debug|Any CPU.Build.0 = Debug|Any CPU
		{0C59240A-4229-4029-A547-B78569BD418D}.Release|Any CPU.ActiveCfg = Release|Any CPU
		{0C59240A-4229-4029-A547-B78569BD418D}.Release|Any CPU.Build.0 = Release|Any CPU
		{A4A427A7-AC15-48DC-98D8-58204E80C7CB}.Debug|Any CPU.ActiveCfg = Debug|Any CPU
		{A4A427A7-AC15-48DC-98D8-58204E80C7CB}.Debug|Any CPU.Build.0 = Debug|Any CPU
		{A4A427A7-AC15-48DC-98D8-58204E80C7CB}.Release|Any CPU.ActiveCfg = Release|Any CPU
		{A4A427A7-AC15-48DC-98D8-58204E80C7CB}.Release|Any CPU.Build.0 = Release|Any CPU
		{D9B60734-FB02-47D4-9F86-2AC5D80A8E33}.Debug|Any CPU.ActiveCfg = Debug|Any CPU
		{D9B60734-FB02-47D4-9F86-2AC5D80A8E33}.Debug|Any CPU.Build.0 = Debug|Any CPU
		{D9B60734-FB02-47D4-9F86-2AC5D80A8E33}.Release|Any CPU.ActiveCfg = Release|Any CPU
		{D9B60734-FB02-47D4-9F86-2AC5D80A8E33}.Release|Any CPU.Build.0 = Release|Any CPU
		{0813DBBF-D816-4468-940C-336DC82AF847}.Debug|Any CPU.ActiveCfg = Debug|Any CPU
		{0813DBBF-D816-4468-940C-336DC82AF847}.Debug|Any CPU.Build.0 = Debug|Any CPU
		{0813DBBF-D816-4468-940C-336DC82AF847}.Release|Any CPU.ActiveCfg = Release|Any CPU
		{0813DBBF-D816-4468-940C-336DC82AF847}.Release|Any CPU.Build.0 = Release|Any CPU
		{7145B724-EA4A-4D20-8E4B-9A2F195044CA}.Debug|Any CPU.ActiveCfg = Debug|Any CPU
		{7145B724-EA4A-4D20-8E4B-9A2F195044CA}.Debug|Any CPU.Build.0 = Debug|Any CPU
		{7145B724-EA4A-4D20-8E4B-9A2F195044CA}.Release|Any CPU.ActiveCfg = Release|Any CPU
		{7145B724-EA4A-4D20-8E4B-9A2F195044CA}.Release|Any CPU.Build.0 = Release|Any CPU
		{7E92938D-0CF4-45E0-8A2E-492132AB4C6D}.Debug|Any CPU.ActiveCfg = Debug|Any CPU
		{7E92938D-0CF4-45E0-8A2E-492132AB4C6D}.Debug|Any CPU.Build.0 = Debug|Any CPU
		{7E92938D-0CF4-45E0-8A2E-492132AB4C6D}.Release|Any CPU.ActiveCfg = Release|Any CPU
		{7E92938D-0CF4-45E0-8A2E-492132AB4C6D}.Release|Any CPU.Build.0 = Release|Any CPU
		{AD0AB98A-4347-45BF-B4AE-FF14ADB79233}.Debug|Any CPU.ActiveCfg = Debug|Any CPU
		{AD0AB98A-4347-45BF-B4AE-FF14ADB79233}.Debug|Any CPU.Build.0 = Debug|Any CPU
		{AD0AB98A-4347-45BF-B4AE-FF14ADB79233}.Release|Any CPU.ActiveCfg = Release|Any CPU
		{AD0AB98A-4347-45BF-B4AE-FF14ADB79233}.Release|Any CPU.Build.0 = Release|Any CPU
		{1AE807B3-E216-4A6D-B2EA-E1B7B67F3A5F}.Debug|Any CPU.ActiveCfg = Debug|Any CPU
		{1AE807B3-E216-4A6D-B2EA-E1B7B67F3A5F}.Debug|Any CPU.Build.0 = Debug|Any CPU
		{1AE807B3-E216-4A6D-B2EA-E1B7B67F3A5F}.Release|Any CPU.ActiveCfg = Release|Any CPU
		{1AE807B3-E216-4A6D-B2EA-E1B7B67F3A5F}.Release|Any CPU.Build.0 = Release|Any CPU
		{90D99AE8-6C80-4430-9BE4-91AABD57705B}.Debug|Any CPU.ActiveCfg = Debug|Any CPU
		{90D99AE8-6C80-4430-9BE4-91AABD57705B}.Debug|Any CPU.Build.0 = Debug|Any CPU
		{90D99AE8-6C80-4430-9BE4-91AABD57705B}.Release|Any CPU.ActiveCfg = Release|Any CPU
		{90D99AE8-6C80-4430-9BE4-91AABD57705B}.Release|Any CPU.Build.0 = Release|Any CPU
		{212A0343-9418-445A-AE8E-8413F5568DF5}.Debug|Any CPU.ActiveCfg = Debug|Any CPU
		{212A0343-9418-445A-AE8E-8413F5568DF5}.Debug|Any CPU.Build.0 = Debug|Any CPU
		{212A0343-9418-445A-AE8E-8413F5568DF5}.Release|Any CPU.ActiveCfg = Release|Any CPU
		{212A0343-9418-445A-AE8E-8413F5568DF5}.Release|Any CPU.Build.0 = Release|Any CPU
		{E3B39343-EA65-4E47-B612-7AF093222742}.Debug|Any CPU.ActiveCfg = Debug|Any CPU
		{E3B39343-EA65-4E47-B612-7AF093222742}.Debug|Any CPU.Build.0 = Debug|Any CPU
		{E3B39343-EA65-4E47-B612-7AF093222742}.Release|Any CPU.ActiveCfg = Release|Any CPU
		{E3B39343-EA65-4E47-B612-7AF093222742}.Release|Any CPU.Build.0 = Release|Any CPU
		{7BE317AF-999C-472E-ACA9-8F8DA058E387}.Debug|Any CPU.ActiveCfg = Debug|Any CPU
		{7BE317AF-999C-472E-ACA9-8F8DA058E387}.Debug|Any CPU.Build.0 = Debug|Any CPU
		{7BE317AF-999C-472E-ACA9-8F8DA058E387}.Release|Any CPU.ActiveCfg = Release|Any CPU
		{7BE317AF-999C-472E-ACA9-8F8DA058E387}.Release|Any CPU.Build.0 = Release|Any CPU
		{E1062F01-5944-4E37-B27D-85F569795A24}.Debug|Any CPU.ActiveCfg = Debug|Any CPU
		{E1062F01-5944-4E37-B27D-85F569795A24}.Debug|Any CPU.Build.0 = Debug|Any CPU
		{E1062F01-5944-4E37-B27D-85F569795A24}.Release|Any CPU.ActiveCfg = Release|Any CPU
		{E1062F01-5944-4E37-B27D-85F569795A24}.Release|Any CPU.Build.0 = Release|Any CPU
		{81BD272A-F9B1-4537-B93E-5EA05E25BB13}.Debug|Any CPU.ActiveCfg = Debug|Any CPU
		{81BD272A-F9B1-4537-B93E-5EA05E25BB13}.Debug|Any CPU.Build.0 = Debug|Any CPU
		{81BD272A-F9B1-4537-B93E-5EA05E25BB13}.Release|Any CPU.ActiveCfg = Release|Any CPU
		{81BD272A-F9B1-4537-B93E-5EA05E25BB13}.Release|Any CPU.Build.0 = Release|Any CPU
		{CD373FBD-98D6-49E2-BA21-AECF419C2A3A}.Debug|Any CPU.ActiveCfg = Debug|Any CPU
		{CD373FBD-98D6-49E2-BA21-AECF419C2A3A}.Debug|Any CPU.Build.0 = Debug|Any CPU
		{CD373FBD-98D6-49E2-BA21-AECF419C2A3A}.Release|Any CPU.ActiveCfg = Release|Any CPU
		{CD373FBD-98D6-49E2-BA21-AECF419C2A3A}.Release|Any CPU.Build.0 = Release|Any CPU
	EndGlobalSection
	GlobalSection(SolutionProperties) = preSolution
		HideSolutionNode = FALSE
	EndGlobalSection
	GlobalSection(NestedProjects) = preSolution
		{38818546-950E-4DCF-8B46-A2A451791905} = {8F066792-64A0-4C25-90BD-F15F997F6099}
		{CDB08424-570D-46C4-9529-6B9036932D86} = {8F066792-64A0-4C25-90BD-F15F997F6099}
		{0C59240A-4229-4029-A547-B78569BD418D} = {8F066792-64A0-4C25-90BD-F15F997F6099}
		{A4A427A7-AC15-48DC-98D8-58204E80C7CB} = {8F066792-64A0-4C25-90BD-F15F997F6099}
		{D9B60734-FB02-47D4-9F86-2AC5D80A8E33} = {8F066792-64A0-4C25-90BD-F15F997F6099}
		{0813DBBF-D816-4468-940C-336DC82AF847} = {8F066792-64A0-4C25-90BD-F15F997F6099}
		{7145B724-EA4A-4D20-8E4B-9A2F195044CA} = {8F066792-64A0-4C25-90BD-F15F997F6099}
		{AD0AB98A-4347-45BF-B4AE-FF14ADB79233} = {8F066792-64A0-4C25-90BD-F15F997F6099}
		{1AE807B3-E216-4A6D-B2EA-E1B7B67F3A5F} = {8F066792-64A0-4C25-90BD-F15F997F6099}
		{90D99AE8-6C80-4430-9BE4-91AABD57705B} = {8F066792-64A0-4C25-90BD-F15F997F6099}
		{212A0343-9418-445A-AE8E-8413F5568DF5} = {53396813-1309-43AD-93D8-39CF98B90AF6}
		{E3B39343-EA65-4E47-B612-7AF093222742} = {53396813-1309-43AD-93D8-39CF98B90AF6}
		{7BE317AF-999C-472E-ACA9-8F8DA058E387} = {8F066792-64A0-4C25-90BD-F15F997F6099}
		{E1062F01-5944-4E37-B27D-85F569795A24} = {53396813-1309-43AD-93D8-39CF98B90AF6}
		{81BD272A-F9B1-4537-B93E-5EA05E25BB13} = {53396813-1309-43AD-93D8-39CF98B90AF6}
		{CD373FBD-98D6-49E2-BA21-AECF419C2A3A} = {8F066792-64A0-4C25-90BD-F15F997F6099}
	EndGlobalSection
	GlobalSection(ExtensibilityGlobals) = postSolution
		SolutionGuid = {9A3226FA-7F53-4324-935F-9B20F98BF15C}
	EndGlobalSection
EndGlobal
